
Microsoft Visual Studio Solution File, Format Version 12.00
# Visual Studio Version 16
VisualStudioVersion = 16.0.30128.74
MinimumVisualStudioVersion = 10.0.40219.1
Project("{9A19103F-16F7-4668-BE54-9A1E7A4F7556}") = "Compiler.Web.Playlist.Zone", "Compiler.Web.Playlist.Zone\Compiler.Web.Playlist.Zone.csproj", "{8EACDF60-8F2A-497D-8FBF-D4E55D884056}"
EndProject
Project("{9A19103F-16F7-4668-BE54-9A1E7A4F7556}") = "Playlist.Zone.Dto", "Playlist.Zone.Dto\Playlist.Zone.Dto.csproj", "{80634D71-AB33-4AB1-9E98-5F243AAAF506}"
EndProject
Project("{9A19103F-16F7-4668-BE54-9A1E7A4F7556}") = "Playlist.Zone.Datatier", "Playlist.Zone.Datatier\Playlist.Zone.Datatier.csproj", "{18E88334-9E90-49A1-9AA2-CBE9921D979F}"
EndProject
Project("{9A19103F-16F7-4668-BE54-9A1E7A4F7556}") = "Playlist.Zone.Services", "Playlist.Zone.Services\Playlist.Zone.Services.csproj", "{87951435-CB75-4417-BC0E-9261A436D2AD}"
EndProject
Project("{9A19103F-16F7-4668-BE54-9A1E7A4F7556}") = "Playlist.Zone.Admin_DEL", "Playlist.Zone.Admin\Playlist.Zone.Admin_DEL.csproj", "{4A75B6B2-7E37-4B90-B6A0-D73309B7B84F}"
EndProject
Project("{FAE04EC0-301F-11D3-BF4B-00C04F79EFBC}") = "Playlist.Zone.Administration", "Playlist.Zone.Administration\Playlist.Zone.Administration.csproj", "{9FA0CBBB-A12D-4507-8EF9-591C20BE15A5}"
EndProject
Global
	GlobalSection(SolutionConfigurationPlatforms) = preSolution
		Debug|Any CPU = Debug|Any CPU
		Release|Any CPU = Release|Any CPU
	EndGlobalSection
	GlobalSection(ProjectConfigurationPlatforms) = postSolution
		{8EACDF60-8F2A-497D-8FBF-D4E55D884056}.Debug|Any CPU.ActiveCfg = Debug|Any CPU
		{8EACDF60-8F2A-497D-8FBF-D4E55D884056}.Debug|Any CPU.Build.0 = Debug|Any CPU
		{8EACDF60-8F2A-497D-8FBF-D4E55D884056}.Release|Any CPU.ActiveCfg = Release|Any CPU
		{8EACDF60-8F2A-497D-8FBF-D4E55D884056}.Release|Any CPU.Build.0 = Release|Any CPU
		{80634D71-AB33-4AB1-9E98-5F243AAAF506}.Debug|Any CPU.ActiveCfg = Debug|Any CPU
		{80634D71-AB33-4AB1-9E98-5F243AAAF506}.Debug|Any CPU.Build.0 = Debug|Any CPU
		{80634D71-AB33-4AB1-9E98-5F243AAAF506}.Release|Any CPU.ActiveCfg = Release|Any CPU
		{80634D71-AB33-4AB1-9E98-5F243AAAF506}.Release|Any CPU.Build.0 = Release|Any CPU
		{18E88334-9E90-49A1-9AA2-CBE9921D979F}.Debug|Any CPU.ActiveCfg = Debug|Any CPU
		{18E88334-9E90-49A1-9AA2-CBE9921D979F}.Debug|Any CPU.Build.0 = Debug|Any CPU
		{18E88334-9E90-49A1-9AA2-CBE9921D979F}.Release|Any CPU.ActiveCfg = Release|Any CPU
		{18E88334-9E90-49A1-9AA2-CBE9921D979F}.Release|Any CPU.Build.0 = Release|Any CPU
		{87951435-CB75-4417-BC0E-9261A436D2AD}.Debug|Any CPU.ActiveCfg = Debug|Any CPU
		{87951435-CB75-4417-BC0E-9261A436D2AD}.Debug|Any CPU.Build.0 = Debug|Any CPU
		{87951435-CB75-4417-BC0E-9261A436D2AD}.Release|Any CPU.ActiveCfg = Release|Any CPU
		{87951435-CB75-4417-BC0E-9261A436D2AD}.Release|Any CPU.Build.0 = Release|Any CPU
		{4A75B6B2-7E37-4B90-B6A0-D73309B7B84F}.Debug|Any CPU.ActiveCfg = Debug|Any CPU
		{4A75B6B2-7E37-4B90-B6A0-D73309B7B84F}.Debug|Any CPU.Build.0 = Debug|Any CPU
		{4A75B6B2-7E37-4B90-B6A0-D73309B7B84F}.Release|Any CPU.ActiveCfg = Release|Any CPU
		{4A75B6B2-7E37-4B90-B6A0-D73309B7B84F}.Release|Any CPU.Build.0 = Release|Any CPU
		{9FA0CBBB-A12D-4507-8EF9-591C20BE15A5}.Debug|Any CPU.ActiveCfg = Debug|Any CPU
		{9FA0CBBB-A12D-4507-8EF9-591C20BE15A5}.Debug|Any CPU.Build.0 = Debug|Any CPU
		{9FA0CBBB-A12D-4507-8EF9-591C20BE15A5}.Release|Any CPU.ActiveCfg = Release|Any CPU
		{9FA0CBBB-A12D-4507-8EF9-591C20BE15A5}.Release|Any CPU.Build.0 = Release|Any CPU
	EndGlobalSection
	GlobalSection(SolutionProperties) = preSolution
		HideSolutionNode = FALSE
	EndGlobalSection
	GlobalSection(ExtensibilityGlobals) = postSolution
		SolutionGuid = {9F787FC1-C852-451A-BE35-5F4C789BF1DB}
	EndGlobalSection
EndGlobal
